// !$*UTF8*$!
{
	archiveVersion = 1;
	classes = {
	};
	objectVersion = 46;
	objects = {

/* Begin PBXBuildFile section */
		9AA9D0D41C3D4EAD00B1D1C3 /* AppDelegate.swift in Sources */ = {isa = PBXBuildFile; fileRef = 9AA9D0D31C3D4EAD00B1D1C3 /* AppDelegate.swift */; };
		9AA9D0D61C3D4EAD00B1D1C3 /* ViewController.swift in Sources */ = {isa = PBXBuildFile; fileRef = 9AA9D0D51C3D4EAD00B1D1C3 /* ViewController.swift */; };
		9AA9D0D91C3D4EAD00B1D1C3 /* Main.storyboard in Resources */ = {isa = PBXBuildFile; fileRef = 9AA9D0D71C3D4EAD00B1D1C3 /* Main.storyboard */; };
		9AA9D0DB1C3D4EAD00B1D1C3 /* Assets.xcassets in Resources */ = {isa = PBXBuildFile; fileRef = 9AA9D0DA1C3D4EAD00B1D1C3 /* Assets.xcassets */; };
		9AA9D0DE1C3D4EAD00B1D1C3 /* LaunchScreen.storyboard in Resources */ = {isa = PBXBuildFile; fileRef = 9AA9D0DC1C3D4EAD00B1D1C3 /* LaunchScreen.storyboard */; };
		9AA9D0E91C3D4EAD00B1D1C3 /* test_yushinTests.swift in Sources */ = {isa = PBXBuildFile; fileRef = 9AA9D0E81C3D4EAD00B1D1C3 /* test_yushinTests.swift */; };
		9AA9D0F41C3D4EAD00B1D1C3 /* test_yushinUITests.swift in Sources */ = {isa = PBXBuildFile; fileRef = 9AA9D0F31C3D4EAD00B1D1C3 /* test_yushinUITests.swift */; };
/* End PBXBuildFile section */

/* Begin PBXContainerItemProxy section */
		9AA9D0E51C3D4EAD00B1D1C3 /* PBXContainerItemProxy */ = {
			isa = PBXContainerItemProxy;
			containerPortal = 9AA9D0C81C3D4EAC00B1D1C3 /* Project object */;
			proxyType = 1;
			remoteGlobalIDString = 9AA9D0CF1C3D4EAD00B1D1C3;
			remoteInfo = test_yushin;
		};
		9AA9D0F01C3D4EAD00B1D1C3 /* PBXContainerItemProxy */ = {
			isa = PBXContainerItemProxy;
			containerPortal = 9AA9D0C81C3D4EAC00B1D1C3 /* Project object */;
			proxyType = 1;
			remoteGlobalIDString = 9AA9D0CF1C3D4EAD00B1D1C3;
			remoteInfo = test_yushin;
		};
/* End PBXContainerItemProxy section */

/* Begin PBXFileReference section */
		9AA9D0D01C3D4EAD00B1D1C3 /* test_yushin.app */ = {isa = PBXFileReference; explicitFileType = wrapper.application; includeInIndex = 0; path = test_yushin.app; sourceTree = BUILT_PRODUCTS_DIR; };
		9AA9D0D31C3D4EAD00B1D1C3 /* AppDelegate.swift */ = {isa = PBXFileReference; lastKnownFileType = sourcecode.swift; path = AppDelegate.swift; sourceTree = "<group>"; };
		9AA9D0D51C3D4EAD00B1D1C3 /* ViewController.swift */ = {isa = PBXFileReference; lastKnownFileType = sourcecode.swift; path = ViewController.swift; sourceTree = "<group>"; };
		9AA9D0D81C3D4EAD00B1D1C3 /* Base */ = {isa = PBXFileReference; lastKnownFileType = file.storyboard; name = Base; path = Base.lproj/Main.storyboard; sourceTree = "<group>"; };
		9AA9D0DA1C3D4EAD00B1D1C3 /* Assets.xcassets */ = {isa = PBXFileReference; lastKnownFileType = folder.assetcatalog; path = Assets.xcassets; sourceTree = "<group>"; };
		9AA9D0DD1C3D4EAD00B1D1C3 /* Base */ = {isa = PBXFileReference; lastKnownFileType = file.storyboard; name = Base; path = Base.lproj/LaunchScreen.storyboard; sourceTree = "<group>"; };
		9AA9D0DF1C3D4EAD00B1D1C3 /* Info.plist */ = {isa = PBXFileReference; lastKnownFileType = text.plist.xml; path = Info.plist; sourceTree = "<group>"; };
		9AA9D0E41C3D4EAD00B1D1C3 /* test_yushinTests.xctest */ = {isa = PBXFileReference; explicitFileType = wrapper.cfbundle; includeInIndex = 0; path = test_yushinTests.xctest; sourceTree = BUILT_PRODUCTS_DIR; };
		9AA9D0E81C3D4EAD00B1D1C3 /* test_yushinTests.swift */ = {isa = PBXFileReference; lastKnownFileType = sourcecode.swift; path = test_yushinTests.swift; sourceTree = "<group>"; };
		9AA9D0EA1C3D4EAD00B1D1C3 /* Info.plist */ = {isa = PBXFileReference; lastKnownFileType = text.plist.xml; path = Info.plist; sourceTree = "<group>"; };
		9AA9D0EF1C3D4EAD00B1D1C3 /* test_yushinUITests.xctest */ = {isa = PBXFileReference; explicitFileType = wrapper.cfbundle; includeInIndex = 0; path = test_yushinUITests.xctest; sourceTree = BUILT_PRODUCTS_DIR; };
		9AA9D0F31C3D4EAD00B1D1C3 /* test_yushinUITests.swift */ = {isa = PBXFileReference; lastKnownFileType = sourcecode.swift; path = test_yushinUITests.swift; sourceTree = "<group>"; };
		9AA9D0F51C3D4EAD00B1D1C3 /* Info.plist */ = {isa = PBXFileReference; lastKnownFileType = text.plist.xml; path = Info.plist; sourceTree = "<group>"; };
/* End PBXFileReference section */

/* Begin PBXFrameworksBuildPhase section */
		9AA9D0CD1C3D4EAD00B1D1C3 /* Frameworks */ = {
			isa = PBXFrameworksBuildPhase;
			buildActionMask = 2147483647;
			files = (
			);
			runOnlyForDeploymentPostprocessing = 0;
		};
		9AA9D0E11C3D4EAD00B1D1C3 /* Frameworks */ = {
			isa = PBXFrameworksBuildPhase;
			buildActionMask = 2147483647;
			files = (
			);
			runOnlyForDeploymentPostprocessing = 0;
		};
		9AA9D0EC1C3D4EAD00B1D1C3 /* Frameworks */ = {
			isa = PBXFrameworksBuildPhase;
			buildActionMask = 2147483647;
			files = (
			);
			runOnlyForDeploymentPostprocessing = 0;
		};
/* End PBXFrameworksBuildPhase section */

/* Begin PBXGroup section */
		9AA9D0C71C3D4EAC00B1D1C3 = {
			isa = PBXGroup;
			children = (
				9AA9D0D21C3D4EAD00B1D1C3 /* test_yushin */,
				9AA9D0E71C3D4EAD00B1D1C3 /* test_yushinTests */,
				9AA9D0F21C3D4EAD00B1D1C3 /* test_yushinUITests */,
				9AA9D0D11C3D4EAD00B1D1C3 /* Products */,
			);
			sourceTree = "<group>";
		};
		9AA9D0D11C3D4EAD00B1D1C3 /* Products */ = {
			isa = PBXGroup;
			children = (
				9AA9D0D01C3D4EAD00B1D1C3 /* test_yushin.app */,
				9AA9D0E41C3D4EAD00B1D1C3 /* test_yushinTests.xctest */,
				9AA9D0EF1C3D4EAD00B1D1C3 /* test_yushinUITests.xctest */,
			);
			name = Products;
			sourceTree = "<group>";
		};
		9AA9D0D21C3D4EAD00B1D1C3 /* test_yushin */ = {
			isa = PBXGroup;
			children = (
				9AA9D0D31C3D4EAD00B1D1C3 /* AppDelegate.swift */,
				9AA9D0D51C3D4EAD00B1D1C3 /* ViewController.swift */,
				9AA9D0D71C3D4EAD00B1D1C3 /* Main.storyboard */,
				9AA9D0DA1C3D4EAD00B1D1C3 /* Assets.xcassets */,
				9AA9D0DC1C3D4EAD00B1D1C3 /* LaunchScreen.storyboard */,
				9AA9D0DF1C3D4EAD00B1D1C3 /* Info.plist */,
			);
			path = test_yushin;
			sourceTree = "<group>";
		};
		9AA9D0E71C3D4EAD00B1D1C3 /* test_yushinTests */ = {
			isa = PBXGroup;
			children = (
				9AA9D0E81C3D4EAD00B1D1C3 /* test_yushinTests.swift */,
				9AA9D0EA1C3D4EAD00B1D1C3 /* Info.plist */,
			);
			path = test_yushinTests;
			sourceTree = "<group>";
		};
		9AA9D0F21C3D4EAD00B1D1C3 /* test_yushinUITests */ = {
			isa = PBXGroup;
			children = (
				9AA9D0F31C3D4EAD00B1D1C3 /* test_yushinUITests.swift */,
				9AA9D0F51C3D4EAD00B1D1C3 /* Info.plist */,
			);
			path = test_yushinUITests;
			sourceTree = "<group>";
		};
/* End PBXGroup section */

/* Begin PBXNativeTarget section */
		9AA9D0CF1C3D4EAD00B1D1C3 /* test_yushin */ = {
			isa = PBXNativeTarget;
			buildConfigurationList = 9AA9D0F81C3D4EAD00B1D1C3 /* Build configuration list for PBXNativeTarget "test_yushin" */;
			buildPhases = (
				9AA9D0CC1C3D4EAD00B1D1C3 /* Sources */,
				9AA9D0CD1C3D4EAD00B1D1C3 /* Frameworks */,
				9AA9D0CE1C3D4EAD00B1D1C3 /* Resources */,
			);
			buildRules = (
			);
			dependencies = (
			);
			name = test_yushin;
			productName = test_yushin;
			productReference = 9AA9D0D01C3D4EAD00B1D1C3 /* test_yushin.app */;
			productType = "com.apple.product-type.application";
		};
		9AA9D0E31C3D4EAD00B1D1C3 /* test_yushinTests */ = {
			isa = PBXNativeTarget;
			buildConfigurationList = 9AA9D0FB1C3D4EAD00B1D1C3 /* Build configuration list for PBXNativeTarget "test_yushinTests" */;
			buildPhases = (
				9AA9D0E01C3D4EAD00B1D1C3 /* Sources */,
				9AA9D0E11C3D4EAD00B1D1C3 /* Frameworks */,
				9AA9D0E21C3D4EAD00B1D1C3 /* Resources */,
			);
			buildRules = (
			);
			dependencies = (
				9AA9D0E61C3D4EAD00B1D1C3 /* PBXTargetDependency */,
			);
			name = test_yushinTests;
			productName = test_yushinTests;
			productReference = 9AA9D0E41C3D4EAD00B1D1C3 /* test_yushinTests.xctest */;
			productType = "com.apple.product-type.bundle.unit-test";
		};
		9AA9D0EE1C3D4EAD00B1D1C3 /* test_yushinUITests */ = {
			isa = PBXNativeTarget;
			buildConfigurationList = 9AA9D0FE1C3D4EAD00B1D1C3 /* Build configuration list for PBXNativeTarget "test_yushinUITests" */;
			buildPhases = (
				9AA9D0EB1C3D4EAD00B1D1C3 /* Sources */,
				9AA9D0EC1C3D4EAD00B1D1C3 /* Frameworks */,
				9AA9D0ED1C3D4EAD00B1D1C3 /* Resources */,
			);
			buildRules = (
			);
			dependencies = (
				9AA9D0F11C3D4EAD00B1D1C3 /* PBXTargetDependency */,
			);
			name = test_yushinUITests;
			productName = test_yushinUITests;
			productReference = 9AA9D0EF1C3D4EAD00B1D1C3 /* test_yushinUITests.xctest */;
			productType = "com.apple.product-type.bundle.ui-testing";
		};
/* End PBXNativeTarget section */

/* Begin PBXProject section */
		9AA9D0C81C3D4EAC00B1D1C3 /* Project object */ = {
			isa = PBXProject;
			attributes = {
				LastSwiftUpdateCheck = 0720;
				LastUpgradeCheck = 0720;
				ORGANIZATIONNAME = com.litech;
				TargetAttributes = {
					9AA9D0CF1C3D4EAD00B1D1C3 = {
						CreatedOnToolsVersion = 7.2;
						DevelopmentTeam = W5GEL5NL4Y;
					};
					9AA9D0E31C3D4EAD00B1D1C3 = {
						CreatedOnToolsVersion = 7.2;
						DevelopmentTeam = W5GEL5NL4Y;
						TestTargetID = 9AA9D0CF1C3D4EAD00B1D1C3;
					};
					9AA9D0EE1C3D4EAD00B1D1C3 = {
						CreatedOnToolsVersion = 7.2;
						DevelopmentTeam = W5GEL5NL4Y;
						TestTargetID = 9AA9D0CF1C3D4EAD00B1D1C3;
					};
				};
			};
			buildConfigurationList = 9AA9D0CB1C3D4EAD00B1D1C3 /* Build configuration list for PBXProject "test_yushin" */;
			compatibilityVersion = "Xcode 3.2";
			developmentRegion = English;
			hasScannedForEncodings = 0;
			knownRegions = (
				en,
				Base,
			);
			mainGroup = 9AA9D0C71C3D4EAC00B1D1C3;
			productRefGroup = 9AA9D0D11C3D4EAD00B1D1C3 /* Products */;
			projectDirPath = "";
			projectRoot = "";
			targets = (
				9AA9D0CF1C3D4EAD00B1D1C3 /* test_yushin */,
				9AA9D0E31C3D4EAD00B1D1C3 /* test_yushinTests */,
				9AA9D0EE1C3D4EAD00B1D1C3 /* test_yushinUITests */,
			);
		};
/* End PBXProject section */

/* Begin PBXResourcesBuildPhase section */
		9AA9D0CE1C3D4EAD00B1D1C3 /* Resources */ = {
			isa = PBXResourcesBuildPhase;
			buildActionMask = 2147483647;
			files = (
				9AA9D0DE1C3D4EAD00B1D1C3 /* LaunchScreen.storyboard in Resources */,
				9AA9D0DB1C3D4EAD00B1D1C3 /* Assets.xcassets in Resources */,
				9AA9D0D91C3D4EAD00B1D1C3 /* Main.storyboard in Resources */,
			);
			runOnlyForDeploymentPostprocessing = 0;
		};
		9AA9D0E21C3D4EAD00B1D1C3 /* Resources */ = {
			isa = PBXResourcesBuildPhase;
			buildActionMask = 2147483647;
			files = (
			);
			runOnlyForDeploymentPostprocessing = 0;
		};
		9AA9D0ED1C3D4EAD00B1D1C3 /* Resources */ = {
			isa = PBXResourcesBuildPhase;
			buildActionMask = 2147483647;
			files = (
			);
			runOnlyForDeploymentPostprocessing = 0;
		};
/* End PBXResourcesBuildPhase section */

/* Begin PBXSourcesBuildPhase section */
		9AA9D0CC1C3D4EAD00B1D1C3 /* Sources */ = {
			isa = PBXSourcesBuildPhase;
			buildActionMask = 2147483647;
			files = (
				9AA9D0D61C3D4EAD00B1D1C3 /* ViewController.swift in Sources */,
				9AA9D0D41C3D4EAD00B1D1C3 /* AppDelegate.swift in Sources */,
			);
			runOnlyForDeploymentPostprocessing = 0;
		};
		9AA9D0E01C3D4EAD00B1D1C3 /* Sources */ = {
			isa = PBXSourcesBuildPhase;
			buildActionMask = 2147483647;
			files = (
				9AA9D0E91C3D4EAD00B1D1C3 /* test_yushinTests.swift in Sources */,
			);
			runOnlyForDeploymentPostprocessing = 0;
		};
		9AA9D0EB1C3D4EAD00B1D1C3 /* Sources */ = {
			isa = PBXSourcesBuildPhase;
			buildActionMask = 2147483647;
			files = (
				9AA9D0F41C3D4EAD00B1D1C3 /* test_yushinUITests.swift in Sources */,
			);
			runOnlyForDeploymentPostprocessing = 0;
		};
/* End PBXSourcesBuildPhase section */

/* Begin PBXTargetDependency section */
		9AA9D0E61C3D4EAD00B1D1C3 /* PBXTargetDependency */ = {
			isa = PBXTargetDependency;
			target = 9AA9D0CF1C3D4EAD00B1D1C3 /* test_yushin */;
			targetProxy = 9AA9D0E51C3D4EAD00B1D1C3 /* PBXContainerItemProxy */;
		};
		9AA9D0F11C3D4EAD00B1D1C3 /* PBXTargetDependency */ = {
			isa = PBXTargetDependency;
			target = 9AA9D0CF1C3D4EAD00B1D1C3 /* test_yushin */;
			targetProxy = 9AA9D0F01C3D4EAD00B1D1C3 /* PBXContainerItemProxy */;
		};
/* End PBXTargetDependency section */

/* Begin PBXVariantGroup section */
		9AA9D0D71C3D4EAD00B1D1C3 /* Main.storyboard */ = {
			isa = PBXVariantGroup;
			children = (
				9AA9D0D81C3D4EAD00B1D1C3 /* Base */,
			);
			name = Main.storyboard;
			sourceTree = "<group>";
		};
		9AA9D0DC1C3D4EAD00B1D1C3 /* LaunchScreen.storyboard */ = {
			isa = PBXVariantGroup;
			children = (
				9AA9D0DD1C3D4EAD00B1D1C3 /* Base */,
			);
			name = LaunchScreen.storyboard;
			sourceTree = "<group>";
		};
/* End PBXVariantGroup section */

/* Begin XCBuildConfiguration section */
		9AA9D0F61C3D4EAD00B1D1C3 /* Debug */ = {
			isa = XCBuildConfiguration;
			buildSettings = {
				ALWAYS_SEARCH_USER_PATHS = NO;
				CLANG_CXX_LANGUAGE_STANDARD = "gnu++0x";
				CLANG_CXX_LIBRARY = "libc++";
				CLANG_ENABLE_MODULES = YES;
				CLANG_ENABLE_OBJC_ARC = YES;
				CLANG_WARN_BOOL_CONVERSION = YES;
				CLANG_WARN_CONSTANT_CONVERSION = YES;
				CLANG_WARN_DIRECT_OBJC_ISA_USAGE = YES_ERROR;
				CLANG_WARN_EMPTY_BODY = YES;
				CLANG_WARN_ENUM_CONVERSION = YES;
				CLANG_WARN_INT_CONVERSION = YES;
				CLANG_WARN_OBJC_ROOT_CLASS = YES_ERROR;
				CLANG_WARN_UNREACHABLE_CODE = YES;
				CLANG_WARN__DUPLICATE_METHOD_MATCH = YES;
				"CODE_SIGN_IDENTITY[sdk=iphoneos*]" = "iPhone Developer";
				COPY_PHASE_STRIP = NO;
				DEBUG_INFORMATION_FORMAT = dwarf;
				ENABLE_STRICT_OBJC_MSGSEND = YES;
				ENABLE_TESTABILITY = YES;
				GCC_C_LANGUAGE_STANDARD = gnu99;
				GCC_DYNAMIC_NO_PIC = NO;
				GCC_NO_COMMON_BLOCKS = YES;
				GCC_OPTIMIZATION_LEVEL = 0;
				GCC_PREPROCESSOR_DEFINITIONS = (
					"DEBUG=1",
					"$(inherited)",
				);
				GCC_WARN_64_TO_32_BIT_CONVERSION = YES;
				GCC_WARN_ABOUT_RETURN_TYPE = YES_ERROR;
				GCC_WARN_UNDECLARED_SELECTOR = YES;
				GCC_WARN_UNINITIALIZED_AUTOS = YES_AGGRESSIVE;
				GCC_WARN_UNUSED_FUNCTION = YES;
				GCC_WARN_UNUSED_VARIABLE = YES;
				IPHONEOS_DEPLOYMENT_TARGET = 9.2;
				MTL_ENABLE_DEBUG_INFO = YES;
				ONLY_ACTIVE_ARCH = YES;
				SDKROOT = iphoneos;
				SWIFT_OPTIMIZATION_LEVEL = "-Onone";
			};
			name = Debug;
		};
		9AA9D0F71C3D4EAD00B1D1C3 /* Release */ = {
			isa = XCBuildConfiguration;
			buildSettings = {
				ALWAYS_SEARCH_USER_PATHS = NO;
				CLANG_CXX_LANGUAGE_STANDARD = "gnu++0x";
				CLANG_CXX_LIBRARY = "libc++";
				CLANG_ENABLE_MODULES = YES;
				CLANG_ENABLE_OBJC_ARC = YES;
				CLANG_WARN_BOOL_CONVERSION = YES;
				CLANG_WARN_CONSTANT_CONVERSION = YES;
				CLANG_WARN_DIRECT_OBJC_ISA_USAGE = YES_ERROR;
				CLANG_WARN_EMPTY_BODY = YES;
				CLANG_WARN_ENUM_CONVERSION = YES;
				CLANG_WARN_INT_CONVERSION = YES;
				CLANG_WARN_OBJC_ROOT_CLASS = YES_ERROR;
				CLANG_WARN_UNREACHABLE_CODE = YES;
				CLANG_WARN__DUPLICATE_METHOD_MATCH = YES;
				"CODE_SIGN_IDENTITY[sdk=iphoneos*]" = "iPhone Developer";
				COPY_PHASE_STRIP = NO;
				DEBUG_INFORMATION_FORMAT = "dwarf-with-dsym";
				ENABLE_NS_ASSERTIONS = NO;
				ENABLE_STRICT_OBJC_MSGSEND = YES;
				GCC_C_LANGUAGE_STANDARD = gnu99;
				GCC_NO_COMMON_BLOCKS = YES;
				GCC_WARN_64_TO_32_BIT_CONVERSION = YES;
				GCC_WARN_ABOUT_RETURN_TYPE = YES_ERROR;
				GCC_WARN_UNDECLARED_SELECTOR = YES;
				GCC_WARN_UNINITIALIZED_AUTOS = YES_AGGRESSIVE;
				GCC_WARN_UNUSED_FUNCTION = YES;
				GCC_WARN_UNUSED_VARIABLE = YES;
				IPHONEOS_DEPLOYMENT_TARGET = 9.2;
				MTL_ENABLE_DEBUG_INFO = NO;
				SDKROOT = iphoneos;
				VALIDATE_PRODUCT = YES;
			};
			name = Release;
		};
		9AA9D0F91C3D4EAD00B1D1C3 /* Debug */ = {
			isa = XCBuildConfiguration;
			buildSettings = {
				ASSETCATALOG_COMPILER_APPICON_NAME = AppIcon;
				INFOPLIST_FILE = test_yushin/Info.plist;
				LD_RUNPATH_SEARCH_PATHS = "$(inherited) @executable_path/Frameworks";
				PRODUCT_BUNDLE_IDENTIFIER = "com.litech.test-yushin";
				PRODUCT_NAME = "$(TARGET_NAME)";
			};
			name = Debug;
		};
		9AA9D0FA1C3D4EAD00B1D1C3 /* Release */ = {
			isa = XCBuildConfiguration;
			buildSettings = {
				ASSETCATALOG_COMPILER_APPICON_NAME = AppIcon;
				INFOPLIST_FILE = test_yushin/Info.plist;
				LD_RUNPATH_SEARCH_PATHS = "$(inherited) @executable_path/Frameworks";
				PRODUCT_BUNDLE_IDENTIFIER = "com.litech.test-yushin";
				PRODUCT_NAME = "$(TARGET_NAME)";
			};
			name = Release;
		};
		9AA9D0FC1C3D4EAD00B1D1C3 /* Debug */ = {
			isa = XCBuildConfiguration;
			buildSettings = {
				BUNDLE_LOADER = "$(TEST_HOST)";
				INFOPLIST_FILE = test_yushinTests/Info.plist;
				LD_RUNPATH_SEARCH_PATHS = "$(inherited) @executable_path/Frameworks @loader_path/Frameworks";
				PRODUCT_BUNDLE_IDENTIFIER = "com.litech.test-yushinTests";
				PRODUCT_NAME = "$(TARGET_NAME)";
				TEST_HOST = "$(BUILT_PRODUCTS_DIR)/test_yushin.app/test_yushin";
			};
			name = Debug;
		};
		9AA9D0FD1C3D4EAD00B1D1C3 /* Release */ = {
			isa = XCBuildConfiguration;
			buildSettings = {
				BUNDLE_LOADER = "$(TEST_HOST)";
				INFOPLIST_FILE = test_yushinTests/Info.plist;
				LD_RUNPATH_SEARCH_PATHS = "$(inherited) @executable_path/Frameworks @loader_path/Frameworks";
				PRODUCT_BUNDLE_IDENTIFIER = "com.litech.test-yushinTests";
				PRODUCT_NAME = "$(TARGET_NAME)";
				TEST_HOST = "$(BUILT_PRODUCTS_DIR)/test_yushin.app/test_yushin";
			};
			name = Release;
		};
		9AA9D0FF1C3D4EAD00B1D1C3 /* Debug */ = {
			isa = XCBuildConfiguration;
			buildSettings = {
				INFOPLIST_FILE = test_yushinUITests/Info.plist;
				LD_RUNPATH_SEARCH_PATHS = "$(inherited) @executable_path/Frameworks @loader_path/Frameworks";
				PRODUCT_BUNDLE_IDENTIFIER = "com.litech.test-yushinUITests";
				PRODUCT_NAME = "$(TARGET_NAME)";
				TEST_TARGET_NAME = test_yushin;
				USES_XCTRUNNER = YES;
			};
			name = Debug;
		};
		9AA9D1001C3D4EAD00B1D1C3 /* Release */ = {
			isa = XCBuildConfiguration;
			buildSettings = {
				INFOPLIST_FILE = test_yushinUITests/Info.plist;
				LD_RUNPATH_SEARCH_PATHS = "$(inherited) @executable_path/Frameworks @loader_path/Frameworks";
				PRODUCT_BUNDLE_IDENTIFIER = "com.litech.test-yushinUITests";
				PRODUCT_NAME = "$(TARGET_NAME)";
				TEST_TARGET_NAME = test_yushin;
				USES_XCTRUNNER = YES;
			};
			name = Release;
		};
/* End XCBuildConfiguration section */

/* Begin XCConfigurationList section */
		9AA9D0CB1C3D4EAD00B1D1C3 /* Build configuration list for PBXProject "test_yushin" */ = {
			isa = XCConfigurationList;
			buildConfigurations = (
				9AA9D0F61C3D4EAD00B1D1C3 /* Debug */,
				9AA9D0F71C3D4EAD00B1D1C3 /* Release */,
			);
			defaultConfigurationIsVisible = 0;
			defaultConfigurationName = Release;
		};
		9AA9D0F81C3D4EAD00B1D1C3 /* Build configuration list for PBXNativeTarget "test_yushin" */ = {
			isa = XCConfigurationList;
			buildConfigurations = (
				9AA9D0F91C3D4EAD00B1D1C3 /* Debug */,
				9AA9D0FA1C3D4EAD00B1D1C3 /* Release */,
			);
			defaultConfigurationIsVisible = 0;
		};
		9AA9D0FB1C3D4EAD00B1D1C3 /* Build configuration list for PBXNativeTarget "test_yushinTests" */ = {
			isa = XCConfigurationList;
			buildConfigurations = (
				9AA9D0FC1C3D4EAD00B1D1C3 /* Debug */,
				9AA9D0FD1C3D4EAD00B1D1C3 /* Release */,
			);
			defaultConfigurationIsVisible = 0;
		};
		9AA9D0FE1C3D4EAD00B1D1C3 /* Build configuration list for PBXNativeTarget "test_yushinUITests" */ = {
			isa = XCConfigurationList;
			buildConfigurations = (
				9AA9D0FF1C3D4EAD00B1D1C3 /* Debug */,
				9AA9D1001C3D4EAD00B1D1C3 /* Release */,
			);
			defaultConfigurationIsVisible = 0;
		};
/* End XCConfigurationList section */
	};
	rootObject = 9AA9D0C81C3D4EAC00B1D1C3 /* Project object */;
}
